
Microsoft Visual Studio Solution File, Format Version 12.00
# Visual Studio Version 16
VisualStudioVersion = 16.0.29123.88
MinimumVisualStudioVersion = 10.0.40219.1
Project("{FAE04EC0-301F-11D3-BF4B-00C04F79EFBC}") = "Base", "Base\Base.csproj", "{92C2BA3F-FEB5-4237-A128-AE4944F96E53}"
EndProject
Project("{FAE04EC0-301F-11D3-BF4B-00C04F79EFBC}") = "SQLLite", "SQLLite\SQLLite.csproj", "{A4298105-D443-402B-910C-AE78F38F931D}"
EndProject
Project("{FAE04EC0-301F-11D3-BF4B-00C04F79EFBC}") = "InMemory", "InMemory\InMemory.csproj", "{3E2B54AB-FF63-4B79-B03E-FF7AEDBBD93B}"
EndProject
Global
	GlobalSection(SolutionConfigurationPlatforms) = preSolution
		Debug|Any CPU = Debug|Any CPU
		Release|Any CPU = Release|Any CPU
	EndGlobalSection
	GlobalSection(ProjectConfigurationPlatforms) = postSolution
		{92C2BA3F-FEB5-4237-A128-AE4944F96E53}.Debug|Any CPU.ActiveCfg = Debug|Any CPU
		{92C2BA3F-FEB5-4237-A128-AE4944F96E53}.Debug|Any CPU.Build.0 = Debug|Any CPU
		{92C2BA3F-FEB5-4237-A128-AE4944F96E53}.Release|Any CPU.ActiveCfg = Release|Any CPU
		{92C2BA3F-FEB5-4237-A128-AE4944F96E53}.Release|Any CPU.Build.0 = Release|Any CPU
		{A4298105-D443-402B-910C-AE78F38F931D}.Debug|Any CPU.ActiveCfg = Debug|Any CPU
		{A4298105-D443-402B-910C-AE78F38F931D}.Debug|Any CPU.Build.0 = Debug|Any CPU
		{A4298105-D443-402B-910C-AE78F38F931D}.Release|Any CPU.ActiveCfg = Release|Any CPU
		{A4298105-D443-402B-910C-AE78F38F931D}.Release|Any CPU.Build.0 = Release|Any CPU
		{3E2B54AB-FF63-4B79-B03E-FF7AEDBBD93B}.Debug|Any CPU.ActiveCfg = Debug|Any CPU
		{3E2B54AB-FF63-4B79-B03E-FF7AEDBBD93B}.Debug|Any CPU.Build.0 = Debug|Any CPU
		{3E2B54AB-FF63-4B79-B03E-FF7AEDBBD93B}.Release|Any CPU.ActiveCfg = Release|Any CPU
		{3E2B54AB-FF63-4B79-B03E-FF7AEDBBD93B}.Release|Any CPU.Build.0 = Release|Any CPU
	EndGlobalSection
	GlobalSection(SolutionProperties) = preSolution
		HideSolutionNode = FALSE
	EndGlobalSection
	GlobalSection(ExtensibilityGlobals) = postSolution
		SolutionGuid = {B200A226-DE32-4399-8330-A9FF42D9A590}
	EndGlobalSection
EndGlobal
